// !$*UTF8*$!
{archiveVersion = 1; classes = {}; objectVersion = 56; objects = {
000000000000000000000064 = {isa = PBXFileReference; lastKnownFileType = sourcecode.swift; path = "../shared/Protocol.swift"; sourceTree = "<group>";};
0000000000000000000000C8 = {isa = PBXBuildFile; fileRef = 000000000000000000000064;};
000000000000000000000065 = {isa = PBXFileReference; lastKnownFileType = sourcecode.swift; path = "../shared/PersonalAccount.swift"; sourceTree = "<group>";};
0000000000000000000000C9 = {isa = PBXBuildFile; fileRef = 000000000000000000000065;};
000000000000000000000066 = {isa = PBXFileReference; lastKnownFileType = sourcecode.swift; path = "../shared/BadgeClaim.swift"; sourceTree = "<group>";};
0000000000000000000000CA = {isa = PBXBuildFile; fileRef = 000000000000000000000066;};
000000000000000000000067 = {isa = PBXFileReference; lastKnownFileType = sourcecode.swift; path = "../shared/Chain.swift"; sourceTree = "<group>";};
0000000000000000000000CB = {isa = PBXBuildFile; fileRef = 000000000000000000000067;};
000000000000000000000068 = {isa = PBXFileReference; lastKnownFileType = sourcecode.swift; path = "../shared/Node.swift"; sourceTree = "<group>";};
0000000000000000000000CC = {isa = PBXBuildFile; fileRef = 000000000000000000000068;};
000000000000000000000069 = {isa = PBXFileReference; lastKnownFileType = sourcecode.swift; path = "NodeApp.swift"; sourceTree = "<group>";};
0000000000000000000000CD = {isa = PBXBuildFile; fileRef = 000000000000000000000069;};
000000000000000000000001 = {isa = PBXProject; buildConfigurationList = 000000000000000000000002; compatibilityVersion = "Xcode 14.0"; developmentRegion = en; knownRegions = (en,Base); mainGroup = 000000000000000000000003; productRefGroup = 000000000000000000000004; projectDirPath = ""; projectRoot = ""; targets = (000000000000000000000005);};
000000000000000000000002 = {isa = XCConfigurationList; buildConfigurations = (00000000000000000000000A,00000000000000000000000B); defaultConfigurationIsVisible = 0; defaultConfigurationName = Release;};
000000000000000000000003 = {isa = PBXGroup; children = (000000000000000000000064,000000000000000000000065,000000000000000000000066,000000000000000000000067,000000000000000000000068,000000000000000000000069,00000000000000000000001E,000000000000000000000004); sourceTree = "<group>";};
000000000000000000000004 = {isa = PBXGroup; children = (000000000000000000000007); name = Products; sourceTree = "<group>";};
000000000000000000000005 = {isa = PBXNativeTarget; buildConfigurationList = 000000000000000000000008; buildPhases = (000000000000000000000009,000000000000000000000014,000000000000000000000015); buildRules = (); dependencies = (); name = AttestNode; productName = AttestNode; productReference = 000000000000000000000007; productType = "com.apple.product-type.application";};
000000000000000000000007 = {isa = PBXFileReference; explicitFileType = wrapper.application; includeInIndex = 0; path = AttestNode.app; sourceTree = BUILT_PRODUCTS_DIR;};
000000000000000000000008 = {isa = XCConfigurationList; buildConfigurations = (00000000000000000000000C,00000000000000000000000D); defaultConfigurationIsVisible = 0; defaultConfigurationName = Release;};
000000000000000000000009 = {isa = PBXSourcesBuildPhase; buildActionMask = 2147483647; files = (0000000000000000000000C8,0000000000000000000000C9,0000000000000000000000CA,0000000000000000000000CB,0000000000000000000000CC,0000000000000000000000CD); runOnlyForDeploymentPostprocessing = 0;};
000000000000000000000014 = {isa = PBXFrameworksBuildPhase; buildActionMask = 2147483647; files = (); runOnlyForDeploymentPostprocessing = 0;};
000000000000000000000015 = {isa = PBXResourcesBuildPhase; buildActionMask = 2147483647; files = (00000000000000000000001F); runOnlyForDeploymentPostprocessing = 0;};
00000000000000000000001E = {isa = PBXFileReference; lastKnownFileType = folder.assetcatalog; path = Assets.xcassets; sourceTree = "<group>";};
00000000000000000000001F = {isa = PBXBuildFile; fileRef = 00000000000000000000001E;};
00000000000000000000000A = {isa = XCBuildConfiguration; buildSettings = { SDKROOT = iphoneos; IPHONEOS_DEPLOYMENT_TARGET = 27.0; }; name = Debug;};
00000000000000000000000B = {isa = XCBuildConfiguration; buildSettings = { SDKROOT = iphoneos; IPHONEOS_DEPLOYMENT_TARGET = 27.0; }; name = Release;};
00000000000000000000000C = {isa = XCBuildConfiguration; buildSettings = {ALWAYS_SEARCH_USER_PATHS = NO; CODE_SIGN_STYLE = Automatic;
CODE_SIGN_ENTITLEMENTS = Node.entitlements; GENERATE_INFOPLIST_FILE = NO;
INFOPLIST_FILE = Node-Release.plist; PRODUCT_BUNDLE_IDENTIFIER = dev.dsmack.provider;
PRODUCT_NAME = "$(TARGET_NAME)"; SWIFT_VERSION = 5.0; TARGETED_DEVICE_FAMILY = 1;
SUPPORTED_PLATFORMS = "iphoneos iphonesimulator"; SUPPORTS_MACCATALYST = NO;
CURRENT_PROJECT_VERSION = 3; MARKETING_VERSION = 0.1.0;
ASSETCATALOG_COMPILER_APPICON_NAME = AppIcon;
 SWIFT_OPTIMIZATION_LEVEL = "-Onone"; }; name = Debug;};
00000000000000000000000D = {isa = XCBuildConfiguration; buildSettings = {ALWAYS_SEARCH_USER_PATHS = NO; CODE_SIGN_STYLE = Automatic;
CODE_SIGN_ENTITLEMENTS = Node.entitlements; GENERATE_INFOPLIST_FILE = NO;
INFOPLIST_FILE = Node-Release.plist; PRODUCT_BUNDLE_IDENTIFIER = dev.dsmack.provider;
PRODUCT_NAME = "$(TARGET_NAME)"; SWIFT_VERSION = 5.0; TARGETED_DEVICE_FAMILY = 1;
SUPPORTED_PLATFORMS = "iphoneos iphonesimulator"; SUPPORTS_MACCATALYST = NO;
CURRENT_PROJECT_VERSION = 3; MARKETING_VERSION = 0.1.0;
ASSETCATALOG_COMPILER_APPICON_NAME = AppIcon;
 SWIFT_OPTIMIZATION_LEVEL = "-O"; }; name = Release;};
}; rootObject = 000000000000000000000001; }
